
Microsoft Visual Studio Solution File, Format Version 12.00
# Visual Studio 14
VisualStudioVersion = 14.0.25420.1
MinimumVisualStudioVersion = 10.0.40219.1
Project("{FAE04EC0-301F-11D3-BF4B-00C04F79EFBC}") = "LiveDemo-MVC", "LiveDemo-MVC\LiveDemo-MVC.csproj", "{27BBADEF-14A3-46EF-9896-24FF051CED69}"
EndProject
Project("{FAE04EC0-301F-11D3-BF4B-00C04F79EFBC}") = "LiveDemo-MVC.UnitTests", "LiveDemo-MVC.UnitTests\LiveDemo-MVC.UnitTests.csproj", "{9FA3AD11-8EA8-4569-8049-B53EB149051E}"
EndProject
Project("{FAE04EC0-301F-11D3-BF4B-00C04F79EFBC}") = "LiveDemo-MVC.IntegrationTests", "LiveDemo-MVC.IntegrationTests\LiveDemo-MVC.IntegrationTests.csproj", "{5DEEC228-8F28-4386-84ED-BEFE54A24B21}"
EndProject
Global
	GlobalSection(SolutionConfigurationPlatforms) = preSolution
		Debug|Any CPU = Debug|Any CPU
		Release|Any CPU = Release|Any CPU
	EndGlobalSection
	GlobalSection(ProjectConfigurationPlatforms) = postSolution
		{27BBADEF-14A3-46EF-9896-24FF051CED69}.Debug|Any CPU.ActiveCfg = Debug|Any CPU
		{27BBADEF-14A3-46EF-9896-24FF051CED69}.Debug|Any CPU.Build.0 = Debug|Any CPU
		{27BBADEF-14A3-46EF-9896-24FF051CED69}.Release|Any CPU.ActiveCfg = Release|Any CPU
		{27BBADEF-14A3-46EF-9896-24FF051CED69}.Release|Any CPU.Build.0 = Release|Any CPU
		{9FA3AD11-8EA8-4569-8049-B53EB149051E}.Debug|Any CPU.ActiveCfg = Debug|Any CPU
		{9FA3AD11-8EA8-4569-8049-B53EB149051E}.Debug|Any CPU.Build.0 = Debug|Any CPU
		{9FA3AD11-8EA8-4569-8049-B53EB149051E}.Release|Any CPU.ActiveCfg = Release|Any CPU
		{9FA3AD11-8EA8-4569-8049-B53EB149051E}.Release|Any CPU.Build.0 = Release|Any CPU
		{5DEEC228-8F28-4386-84ED-BEFE54A24B21}.Debug|Any CPU.ActiveCfg = Debug|Any CPU
		{5DEEC228-8F28-4386-84ED-BEFE54A24B21}.Debug|Any CPU.Build.0 = Debug|Any CPU
		{5DEEC228-8F28-4386-84ED-BEFE54A24B21}.Release|Any CPU.ActiveCfg = Release|Any CPU
		{5DEEC228-8F28-4386-84ED-BEFE54A24B21}.Release|Any CPU.Build.0 = Release|Any CPU
	EndGlobalSection
	GlobalSection(SolutionProperties) = preSolution
		HideSolutionNode = FALSE
	EndGlobalSection
EndGlobal
