
Microsoft Visual Studio Solution File, Format Version 12.00
# Visual Studio 14
VisualStudioVersion = 14.0.25420.1
MinimumVisualStudioVersion = 10.0.40219.1
Project("{FAE04EC0-301F-11D3-BF4B-00C04F79EFBC}") = "LiveDemo-MVC", "LiveDemo-MVC\LiveDemo-MVC.csproj", "{27BBADEF-14A3-46EF-9896-24FF051CED69}"
EndProject
Project("{FAE04EC0-301F-11D3-BF4B-00C04F79EFBC}") = "LiveDemo-MVC.UnitTests", "LiveDemo-MVC.UnitTests\LiveDemo-MVC.UnitTests.csproj", "{9FA3AD11-8EA8-4569-8049-B53EB149051E}"
EndProject
Project("{FAE04EC0-301F-11D3-BF4B-00C04F79EFBC}") = "LiveDemo-MVC.IntegrationTests", "LiveDemo-MVC.IntegrationTests\LiveDemo-MVC.IntegrationTests.csproj", "{5DEEC228-8F28-4386-84ED-BEFE54A24B21}"
EndProject
Project("{2150E333-8FDC-42A3-9474-1A3956D46DE8}") = "Services", "Services", "{A7C53BD9-DB30-48D6-ADDE-E0E6DBC69E6B}"
EndProject
Project("{FAE04EC0-301F-11D3-BF4B-00C04F79EFBC}") = "LiveDemo-MVC.Auth", "LiveDemo-MVC.Auth\LiveDemo-MVC.Auth.csproj", "{D66CB072-3EF6-468D-B5C2-1107E929C505}"
EndProject
Project("{2150E333-8FDC-42A3-9474-1A3956D46DE8}") = "Data", "Data", "{B58ADB02-D688-43EF-B586-009B8BCBC0C3}"
EndProject
Project("{FAE04EC0-301F-11D3-BF4B-00C04F79EFBC}") = "LiveDemo-MVC.Data", "LiveDemo-MVC.Data\LiveDemo-MVC.Data.csproj", "{869153BD-E7E5-457B-9FC8-A9448F4032CC}"
EndProject
Project("{FAE04EC0-301F-11D3-BF4B-00C04F79EFBC}") = "LiveDemo-MVC.DataServices", "LiveDemo-MVC.DataServices\LiveDemo-MVC.DataServices.csproj", "{C91CC5B2-D705-41C7-9A23-029FBAA5B4E5}"
EndProject
Project("{FAE04EC0-301F-11D3-BF4B-00C04F79EFBC}") = "LiveDemo-MVC.Data.Models", "LiveDemo-MVC.Data.Models\LiveDemo-MVC.Data.Models.csproj", "{062B34F1-094D-4AD1-9DAF-88613992B153}"
EndProject
Project("{FAE04EC0-301F-11D3-BF4B-00C04F79EFBC}") = "LiveDemo-MVC.Data.Contracts", "LiveDemo-MVC.Data.Contracts\LiveDemo-MVC.Data.Contracts.csproj", "{2350F916-DB40-405F-8B2C-B26B9E6DA0DD}"
EndProject
Global
	GlobalSection(SolutionConfigurationPlatforms) = preSolution
		Debug|Any CPU = Debug|Any CPU
		Release|Any CPU = Release|Any CPU
	EndGlobalSection
	GlobalSection(ProjectConfigurationPlatforms) = postSolution
		{27BBADEF-14A3-46EF-9896-24FF051CED69}.Debug|Any CPU.ActiveCfg = Debug|Any CPU
		{27BBADEF-14A3-46EF-9896-24FF051CED69}.Debug|Any CPU.Build.0 = Debug|Any CPU
		{27BBADEF-14A3-46EF-9896-24FF051CED69}.Release|Any CPU.ActiveCfg = Release|Any CPU
		{27BBADEF-14A3-46EF-9896-24FF051CED69}.Release|Any CPU.Build.0 = Release|Any CPU
		{9FA3AD11-8EA8-4569-8049-B53EB149051E}.Debug|Any CPU.ActiveCfg = Debug|Any CPU
		{9FA3AD11-8EA8-4569-8049-B53EB149051E}.Debug|Any CPU.Build.0 = Debug|Any CPU
		{9FA3AD11-8EA8-4569-8049-B53EB149051E}.Release|Any CPU.ActiveCfg = Release|Any CPU
		{9FA3AD11-8EA8-4569-8049-B53EB149051E}.Release|Any CPU.Build.0 = Release|Any CPU
		{5DEEC228-8F28-4386-84ED-BEFE54A24B21}.Debug|Any CPU.ActiveCfg = Debug|Any CPU
		{5DEEC228-8F28-4386-84ED-BEFE54A24B21}.Debug|Any CPU.Build.0 = Debug|Any CPU
		{5DEEC228-8F28-4386-84ED-BEFE54A24B21}.Release|Any CPU.ActiveCfg = Release|Any CPU
		{5DEEC228-8F28-4386-84ED-BEFE54A24B21}.Release|Any CPU.Build.0 = Release|Any CPU
		{D66CB072-3EF6-468D-B5C2-1107E929C505}.Debug|Any CPU.ActiveCfg = Debug|Any CPU
		{D66CB072-3EF6-468D-B5C2-1107E929C505}.Debug|Any CPU.Build.0 = Debug|Any CPU
		{D66CB072-3EF6-468D-B5C2-1107E929C505}.Release|Any CPU.ActiveCfg = Release|Any CPU
		{D66CB072-3EF6-468D-B5C2-1107E929C505}.Release|Any CPU.Build.0 = Release|Any CPU
		{869153BD-E7E5-457B-9FC8-A9448F4032CC}.Debug|Any CPU.ActiveCfg = Debug|Any CPU
		{869153BD-E7E5-457B-9FC8-A9448F4032CC}.Debug|Any CPU.Build.0 = Debug|Any CPU
		{869153BD-E7E5-457B-9FC8-A9448F4032CC}.Release|Any CPU.ActiveCfg = Release|Any CPU
		{869153BD-E7E5-457B-9FC8-A9448F4032CC}.Release|Any CPU.Build.0 = Release|Any CPU
		{C91CC5B2-D705-41C7-9A23-029FBAA5B4E5}.Debug|Any CPU.ActiveCfg = Debug|Any CPU
		{C91CC5B2-D705-41C7-9A23-029FBAA5B4E5}.Debug|Any CPU.Build.0 = Debug|Any CPU
		{C91CC5B2-D705-41C7-9A23-029FBAA5B4E5}.Release|Any CPU.ActiveCfg = Release|Any CPU
		{C91CC5B2-D705-41C7-9A23-029FBAA5B4E5}.Release|Any CPU.Build.0 = Release|Any CPU
		{062B34F1-094D-4AD1-9DAF-88613992B153}.Debug|Any CPU.ActiveCfg = Debug|Any CPU
		{062B34F1-094D-4AD1-9DAF-88613992B153}.Debug|Any CPU.Build.0 = Debug|Any CPU
		{062B34F1-094D-4AD1-9DAF-88613992B153}.Release|Any CPU.ActiveCfg = Release|Any CPU
		{062B34F1-094D-4AD1-9DAF-88613992B153}.Release|Any CPU.Build.0 = Release|Any CPU
		{2350F916-DB40-405F-8B2C-B26B9E6DA0DD}.Debug|Any CPU.ActiveCfg = Debug|Any CPU
		{2350F916-DB40-405F-8B2C-B26B9E6DA0DD}.Debug|Any CPU.Build.0 = Debug|Any CPU
		{2350F916-DB40-405F-8B2C-B26B9E6DA0DD}.Release|Any CPU.ActiveCfg = Release|Any CPU
		{2350F916-DB40-405F-8B2C-B26B9E6DA0DD}.Release|Any CPU.Build.0 = Release|Any CPU
	EndGlobalSection
	GlobalSection(SolutionProperties) = preSolution
		HideSolutionNode = FALSE
	EndGlobalSection
	GlobalSection(NestedProjects) = preSolution
		{D66CB072-3EF6-468D-B5C2-1107E929C505} = {A7C53BD9-DB30-48D6-ADDE-E0E6DBC69E6B}
		{869153BD-E7E5-457B-9FC8-A9448F4032CC} = {B58ADB02-D688-43EF-B586-009B8BCBC0C3}
		{C91CC5B2-D705-41C7-9A23-029FBAA5B4E5} = {A7C53BD9-DB30-48D6-ADDE-E0E6DBC69E6B}
		{062B34F1-094D-4AD1-9DAF-88613992B153} = {B58ADB02-D688-43EF-B586-009B8BCBC0C3}
		{2350F916-DB40-405F-8B2C-B26B9E6DA0DD} = {B58ADB02-D688-43EF-B586-009B8BCBC0C3}
	EndGlobalSection
EndGlobal
